<?xml version="1.0" encoding="utf-8"?>
<Project ToolsVersion="4.0" xmlns="http://schemas.microsoft.com/developer/msbuild/2003">
  <ItemGroup>
    <Filter Include="Source Files">
      <UniqueIdentifier>{4FC737F1-C7A5-4376-A066-2A32D752A2FF}</UniqueIdentifier>
      <Extensions>cpp;c;cc;cxx;c++;cppm;ixx;def;odl;idl;hpj;bat;asm;asmx</Extensions>
    </Filter>
    <Filter Include="Header Files">
      <UniqueIdentifier>{93995380-89BD-4b04-88EB-625FBE52EBFB}</UniqueIdentifier>
      <Extensions>h;hh;hpp;hxx;h++;hm;inl;inc;ipp;xsd</Extensions>
    </Filter>
    <Filter Include="Resource Files">
      <UniqueIdentifier>{67DA6AB6-F800-4c08-8B7A-83BB121AAD01}</UniqueIdentifier>
      <Extensions>rc;ico;cur;bmp;dlg;rc2;rct;bin;rgs;gif;jpg;jpeg;jpe;resx;tiff;tif;png;wav;mfcribbon-ms</Extensions>
    </Filter>
    <Filter Include="Global">
      <UniqueIdentifier>{9dc03dc8-295a-4345-b83b-7015efb608ae}</UniqueIdentifier>
    </Filter>
    <Filter Include="Tools">
      <UniqueIdentifier>{257b7d9f-bcff-4c3d-9347-f3252afb1b34}</UniqueIdentifier>
    </Filter>
    <Filter Include="States">
      <UniqueIdentifier>{551d91b2-4244-49a2-b150-cf2449fc4504}</UniqueIdentifier>
    </Filter>
    <Filter Include="Entity">
      <UniqueIdentifier>{a83ddad7-d516-49f2-9cf2-c5c1c8c4df72}</UniqueIdentifier>
    </Filter>
    <Filter Include="Anime">
      <UniqueIdentifier>{14529ad6-c582-494e-a60f-550019e7eeb2}</UniqueIdentifier>
    </Filter>
    <Filter Include="Entity\Enemies">
      <UniqueIdentifier>{a156b632-b856-4479-8d09-c700b998312e}</UniqueIdentifier>
    </Filter>
    <Filter Include="Entity\Bullets">
      <UniqueIdentifier>{bf6398b3-197d-4bfa-b2c9-8024f0f71d52}</UniqueIdentifier>
    </Filter>
    <Filter Include="Tools\GameManagement">
      <UniqueIdentifier>{df11cdb9-7809-4997-901f-3aa851fc87ac}</UniqueIdentifier>
    </Filter>
    <Filter Include="Tools\Interface">
      <UniqueIdentifier>{6bbc9a16-84c6-4ba2-a396-79505fa0ecc1}</UniqueIdentifier>
    </Filter>
  </ItemGroup>
  <ItemGroup>
    <ClCompile Include="main.cpp">
      <Filter>Source Files</Filter>
    </ClCompile>
    <ClCompile Include="source\SceneNode.cpp">
      <Filter>Source Files</Filter>
    </ClCompile>
    <ClCompile Include="source\Core\Global.cpp">
      <Filter>Global</Filter>
    </ClCompile>
    <ClCompile Include="App.cpp">
      <Filter>Source Files</Filter>
    </ClCompile>
    <ClCompile Include="source\StateSteak.cpp">
      <Filter>Source Files</Filter>
    </ClCompile>
    <ClCompile Include="source\States\State.cpp">
      <Filter>Source Files</Filter>
    </ClCompile>
    <ClCompile Include="source\States\GameState.cpp">
      <Filter>States</Filter>
    </ClCompile>
    <ClCompile Include="source\Entiy\Entity.cpp">
      <Filter>Entity</Filter>
    </ClCompile>
    <ClCompile Include="source\Entiy\Player.cpp">
      <Filter>Entity</Filter>
    </ClCompile>
    <ClCompile Include="source\Entiy\Bullet.cpp">
      <Filter>Entity</Filter>
    </ClCompile>
    <ClCompile Include="source\Entiy\Enemy.cpp">
      <Filter>Entity</Filter>
    </ClCompile>
    <ClCompile Include="source\States\MainMenu.cpp">
      <Filter>States</Filter>
    </ClCompile>
    <ClCompile Include="source\States\GameOverScreen.cpp">
      <Filter>States</Filter>
    </ClCompile>
    <ClCompile Include="source\States\PauseMenu.cpp">
      <Filter>States</Filter>
    </ClCompile>
    <ClCompile Include="source\Entiy\BulletPattern.cpp">
      <Filter>Entity</Filter>
    </ClCompile>
    <ClCompile Include="source\Entiy\EnemyPattern.cpp">
      <Filter>Entity</Filter>
    </ClCompile>
    <ClCompile Include="source\Animation\Animation.cpp">
      <Filter>Anime</Filter>
    </ClCompile>
    <ClCompile Include="source\Animation\SpriteOnly.cpp">
      <Filter>Anime</Filter>
    </ClCompile>
    <ClCompile Include="source\Animation\Flicker.cpp">
      <Filter>Anime</Filter>
    </ClCompile>
    <ClCompile Include="source\Animation\WarningZone.cpp">
      <Filter>Anime</Filter>
    </ClCompile>
    <ClCompile Include="source\States\LoadScreen.cpp">
      <Filter>States</Filter>
    </ClCompile>
    <ClCompile Include="source\Entiy\Enemies\Boss_Chicken_1.cpp">
      <Filter>Entity\Enemies</Filter>
    </ClCompile>
    <ClCompile Include="source\Entiy\Enemies\Enemy_Chicken_1.cpp">
      <Filter>Entity\Enemies</Filter>
    </ClCompile>
    <ClCompile Include="source\Entiy\Bullets\Player_Bullet_Normal.cpp">
      <Filter>Entity\Bullets</Filter>
    </ClCompile>
    <ClCompile Include="source\Entiy\Bullets\Astroid.cpp">
      <Filter>Entity\Bullets</Filter>
    </ClCompile>
    <ClCompile Include="source\Entiy\Bullets\Enemy_Bullet_Egg.cpp">
      <Filter>Entity\Bullets</Filter>
    </ClCompile>
    <ClCompile Include="source\Entiy\Bullets\Player_Laser_Destroyer.cpp">
      <Filter>Entity\Bullets</Filter>
    </ClCompile>
    <ClCompile Include="source\Tools\BulletManager.cpp">
      <Filter>Tools\GameManagement</Filter>
    </ClCompile>
    <ClCompile Include="source\Tools\EnemyManager.cpp">
      <Filter>Tools\GameManagement</Filter>
    </ClCompile>
    <ClCompile Include="source\Tools\Pattern.cpp">
      <Filter>Tools\GameManagement</Filter>
    </ClCompile>
    <ClCompile Include="source\Button.cpp">
      <Filter>Tools\Interface</Filter>
    </ClCompile>
    <ClCompile Include="source\Tools\ProgressBar.cpp">
      <Filter>Tools\Interface</Filter>
    </ClCompile>
    <ClCompile Include="source\Tools\SubTitle.cpp">
      <Filter>Tools\Interface</Filter>
    </ClCompile>
    <ClCompile Include="source\Tools\LevelReader.cpp">
      <Filter>Tools\GameManagement</Filter>
    </ClCompile>
    <ClCompile Include="source\Tools\Slider.cpp">
      <Filter>Tools\Interface</Filter>
    </ClCompile>
    <ClCompile Include="source\States\SettingMenu.cpp">
      <Filter>States</Filter>
    </ClCompile>
    <ClCompile Include="source\Entiy\Bullets\Player_Laser_Normal.cpp">
      <Filter>Entity\Bullets</Filter>
    </ClCompile>
    <ClCompile Include="source\Entiy\Bullets\Player_Ram_Destroyer.cpp">
      <Filter>Entity\Bullets</Filter>
    </ClCompile>
    <ClCompile Include="source\Entiy\Bullets\Player_Bullet_Minigun.cpp">
      <Filter>Entity\Bullets</Filter>
    </ClCompile>
    <ClCompile Include="source\Entiy\Bullets\Enemy_Laser_Flash.cpp">
      <Filter>Entity\Bullets</Filter>
    </ClCompile>
    <ClCompile Include="source\Entiy\Enemies\UFO.cpp">
      <Filter>Entity\Enemies</Filter>
    </ClCompile>
    <ClCompile Include="source\Entiy\Bullets\Enemy_Bullet_Purple.cpp">
      <Filter>Entity\Bullets</Filter>
    </ClCompile>
    <ClCompile Include="source\States\PostGameMenu.cpp">
      <Filter>States</Filter>
    </ClCompile>
    <ClCompile Include="source\Entiy\Enemies\SpaceShip.cpp">
      <Filter>Entity\Enemies</Filter>
    </ClCompile>
    <ClCompile Include="source\Entiy\Bullets\Enemy_Ram_Destroyer.cpp">
      <Filter>Entity\Bullets</Filter>
    </ClCompile>
    <ClCompile Include="source\Entiy\Enemies\Henterprise.cpp">
      <Filter>Entity\Enemies</Filter>
    </ClCompile>
    <ClCompile Include="source\Entiy\Bullets\Enemy_Laser_Destroyer.cpp">
      <Filter>Entity\Bullets</Filter>
    </ClCompile>
    <ClCompile Include="source\Entiy\Enemies\Black_Hole.cpp">
      <Filter>Entity\Enemies</Filter>
    </ClCompile>
    <ClCompile Include="source\Entiy\Enemies\Semi_Vortex.cpp">
      <Filter>Entity\Enemies</Filter>
    </ClCompile>
    <ClCompile Include="source\Entiy\Enemies\Boss_Chicken_2.cpp">
      <Filter>Entity\Enemies</Filter>
    </ClCompile>
    <ClCompile Include="source\Entiy\Enemies\Spiral_Vortex.cpp">
      <Filter>Entity\Enemies</Filter>
    </ClCompile>
  </ItemGroup>
  <ItemGroup>
    <ClInclude Include="source\SceneNode.h">
      <Filter>Header Files</Filter>
    </ClInclude>
    <ClInclude Include="source\Core\Global.h">
      <Filter>Global</Filter>
    </ClInclude>
    <ClInclude Include="App.h">
      <Filter>Header Files</Filter>
    </ClInclude>
    <ClInclude Include="source\StateSteak.h">
      <Filter>Header Files</Filter>
    </ClInclude>
    <ClInclude Include="source\States\State.h">
      <Filter>Header Files</Filter>
    </ClInclude>
    <ClInclude Include="source\States\MainMenu.h">
      <Filter>States</Filter>
    </ClInclude>
    <ClInclude Include="source\States\GameState.h">
      <Filter>States</Filter>
    </ClInclude>
    <ClInclude Include="source\Entiy\Entity.h">
      <Filter>Entity</Filter>
    </ClInclude>
    <ClInclude Include="source\Entiy\Player.h">
      <Filter>Entity</Filter>
    </ClInclude>
    <ClInclude Include="source\Entiy\Bullet.h">
      <Filter>Entity</Filter>
    </ClInclude>
    <ClInclude Include="source\Entiy\Enemy.h">
      <Filter>Entity</Filter>
    </ClInclude>
    <ClInclude Include="source\States\GameOverScreen.h">
      <Filter>States</Filter>
    </ClInclude>
    <ClInclude Include="source\States\PauseMenu.h">
      <Filter>States</Filter>
    </ClInclude>
    <ClInclude Include="source\Entiy\BulletPattern.h">
      <Filter>Entity</Filter>
    </ClInclude>
    <ClInclude Include="source\Entiy\EnemyPattern.h">
      <Filter>Entity</Filter>
    </ClInclude>
    <ClInclude Include="source\Animation\Animation.h">
      <Filter>Anime</Filter>
    </ClInclude>
    <ClInclude Include="source\Animation\SpriteOnly.h">
      <Filter>Anime</Filter>
    </ClInclude>
    <ClInclude Include="source\Animation\Flicker.h">
      <Filter>Anime</Filter>
    </ClInclude>
    <ClInclude Include="source\Animation\WarningZone.h">
      <Filter>Anime</Filter>
    </ClInclude>
    <ClInclude Include="source\States\LoadScreen.h">
      <Filter>States</Filter>
    </ClInclude>
    <ClInclude Include="source\Tools\BulletManager.h">
      <Filter>Tools\GameManagement</Filter>
    </ClInclude>
    <ClInclude Include="source\Tools\EnemyManager.h">
      <Filter>Tools\GameManagement</Filter>
    </ClInclude>
    <ClInclude Include="source\Tools\Pattern.h">
      <Filter>Tools\GameManagement</Filter>
    </ClInclude>
    <ClInclude Include="source\Button.h">
      <Filter>Tools\Interface</Filter>
    </ClInclude>
    <ClInclude Include="source\Tools\ProgressBar.h">
      <Filter>Tools\Interface</Filter>
    </ClInclude>
    <ClInclude Include="source\Tools\SubTitle.h">
      <Filter>Tools\Interface</Filter>
    </ClInclude>
    <ClInclude Include="source\Tools\LevelReader.h">
      <Filter>Tools\GameManagement</Filter>
    </ClInclude>
    <ClInclude Include="source\Tools\Slider.h">
      <Filter>Tools\Interface</Filter>
    </ClInclude>
    <ClInclude Include="source\States\SettingMenu.h">
      <Filter>States</Filter>
    </ClInclude>
    <ClInclude Include="source\States\PostGameMenu.h">
      <Filter>States</Filter>
    </ClInclude>
  </ItemGroup>
</Project>