<?xml version="1.0" encoding="utf-8"?>
<Project ToolsVersion="4.0" xmlns="http://schemas.microsoft.com/developer/msbuild/2003">
  <ItemGroup>
    <Filter Include="Source Files">
      <UniqueIdentifier>{4FC737F1-C7A5-4376-A066-2A32D752A2FF}</UniqueIdentifier>
      <Extensions>cpp;c;cc;cxx;c++;cppm;ixx;def;odl;idl;hpj;bat;asm;asmx</Extensions>
    </Filter>
    <Filter Include="Header Files">
      <UniqueIdentifier>{93995380-89BD-4b04-88EB-625FBE52EBFB}</UniqueIdentifier>
      <Extensions>h;hh;hpp;hxx;h++;hm;inl;inc;ipp;xsd</Extensions>
    </Filter>
    <Filter Include="Resource Files">
      <UniqueIdentifier>{67DA6AB6-F800-4c08-8B7A-83BB121AAD01}</UniqueIdentifier>
      <Extensions>rc;ico;cur;bmp;dlg;rc2;rct;bin;rgs;gif;jpg;jpeg;jpe;resx;tiff;tif;png;wav;mfcribbon-ms</Extensions>
    </Filter>
    <Filter Include="Global">
      <UniqueIdentifier>{9dc03dc8-295a-4345-b83b-7015efb608ae}</UniqueIdentifier>
    </Filter>
    <Filter Include="Tools">
      <UniqueIdentifier>{257b7d9f-bcff-4c3d-9347-f3252afb1b34}</UniqueIdentifier>
    </Filter>
    <Filter Include="States">
      <UniqueIdentifier>{551d91b2-4244-49a2-b150-cf2449fc4504}</UniqueIdentifier>
    </Filter>
    <Filter Include="Entity">
      <UniqueIdentifier>{a83ddad7-d516-49f2-9cf2-c5c1c8c4df72}</UniqueIdentifier>
    </Filter>
  </ItemGroup>
  <ItemGroup>
    <ClCompile Include="main.cpp">
      <Filter>Source Files</Filter>
    </ClCompile>
    <ClCompile Include="source\SceneNode.cpp">
      <Filter>Source Files</Filter>
    </ClCompile>
    <ClCompile Include="source\Core\Global.cpp">
      <Filter>Global</Filter>
    </ClCompile>
    <ClCompile Include="App.cpp">
      <Filter>Source Files</Filter>
    </ClCompile>
    <ClCompile Include="source\Button.cpp">
      <Filter>Tools</Filter>
    </ClCompile>
    <ClCompile Include="source\StateSteak.cpp">
      <Filter>Source Files</Filter>
    </ClCompile>
    <ClCompile Include="source\States\State.cpp">
      <Filter>Source Files</Filter>
    </ClCompile>
    <ClCompile Include="source\States\MainMenu.cpp">
      <Filter>States</Filter>
    </ClCompile>
    <ClCompile Include="source\States\GameState.cpp">
      <Filter>States</Filter>
    </ClCompile>
    <ClCompile Include="source\Entiy\Entity.cpp">
      <Filter>Entity</Filter>
    </ClCompile>
  </ItemGroup>
  <ItemGroup>
    <ClInclude Include="source\SceneNode.h">
      <Filter>Header Files</Filter>
    </ClInclude>
    <ClInclude Include="source\Core\Global.h">
      <Filter>Global</Filter>
    </ClInclude>
    <ClInclude Include="App.h">
      <Filter>Header Files</Filter>
    </ClInclude>
    <ClInclude Include="source\Button.h">
      <Filter>Tools</Filter>
    </ClInclude>
    <ClInclude Include="source\StateSteak.h">
      <Filter>Header Files</Filter>
    </ClInclude>
    <ClInclude Include="source\States\State.h">
      <Filter>Header Files</Filter>
    </ClInclude>
    <ClInclude Include="source\States\MainMenu.h">
      <Filter>States</Filter>
    </ClInclude>
    <ClInclude Include="source\States\GameState.h">
      <Filter>States</Filter>
    </ClInclude>
    <ClInclude Include="source\Entiy\Entity.h">
      <Filter>Entity</Filter>
    </ClInclude>
  </ItemGroup>
</Project>